<?xml version="1.0" encoding="utf-8"?>
<Project ToolsVersion="4.0" xmlns="http://schemas.microsoft.com/developer/msbuild/2003">
  <ItemGroup>
    <Filter Include="ソース ファイル">
      <UniqueIdentifier>{4FC737F1-C7A5-4376-A066-2A32D752A2FF}</UniqueIdentifier>
      <Extensions>cpp;c;cc;cxx;def;odl;idl;hpj;bat;asm;asmx</Extensions>
    </Filter>
    <Filter Include="ヘッダー ファイル">
      <UniqueIdentifier>{93995380-89BD-4b04-88EB-625FBE52EBFB}</UniqueIdentifier>
      <Extensions>h;hh;hpp;hxx;hm;inl;inc;ipp;xsd</Extensions>
    </Filter>
    <Filter Include="リソース ファイル">
      <UniqueIdentifier>{67DA6AB6-F800-4c08-8B7A-83BB121AAD01}</UniqueIdentifier>
      <Extensions>rc;ico;cur;bmp;dlg;rc2;rct;bin;rgs;gif;jpg;jpeg;jpe;resx;tiff;tif;png;wav;mfcribbon-ms</Extensions>
    </Filter>
    <Filter Include="リソース ファイル\VS">
      <UniqueIdentifier>{c6b67b83-b1e3-495c-853c-07033cfe0524}</UniqueIdentifier>
    </Filter>
    <Filter Include="リソース ファイル\PS">
      <UniqueIdentifier>{d865ba8c-3d1e-49a2-8858-9a00aaf35e3f}</UniqueIdentifier>
    </Filter>
    <Filter Include="リソース ファイル\Common">
      <UniqueIdentifier>{15aad25b-7e7f-4701-b5b0-b9e22788245e}</UniqueIdentifier>
    </Filter>
    <Filter Include="リソース ファイル\PS\Lit">
      <UniqueIdentifier>{15aabc8b-5dc5-41b7-9cb4-4751e0f7940f}</UniqueIdentifier>
    </Filter>
    <Filter Include="リソース ファイル\PS\Deffered">
      <UniqueIdentifier>{97472983-d64e-45a2-9716-855aa7b81ce2}</UniqueIdentifier>
    </Filter>
    <Filter Include="リソース ファイル\PS\Common">
      <UniqueIdentifier>{fcbb99d6-5423-4ff4-aab3-9f45a43918a8}</UniqueIdentifier>
    </Filter>
    <Filter Include="リソース ファイル\PS\Depth">
      <UniqueIdentifier>{305a46b2-d608-4624-a50a-1353292ca469}</UniqueIdentifier>
    </Filter>
    <Filter Include="リソース ファイル\PS\ShadowMap">
      <UniqueIdentifier>{c5fce56f-6b50-4e20-b8bf-b96f42f8b85c}</UniqueIdentifier>
    </Filter>
    <Filter Include="リソース ファイル\PS\Common\Grid">
      <UniqueIdentifier>{ca5af76f-2696-4ed5-9e12-2d20ea779ae0}</UniqueIdentifier>
    </Filter>
    <Filter Include="リソース ファイル\Volume">
      <UniqueIdentifier>{20042cb3-e1e4-4f04-8eab-0113371faf0c}</UniqueIdentifier>
    </Filter>
    <Filter Include="リソース ファイル\Volume\Blur">
      <UniqueIdentifier>{1b4c8a7f-b891-4e31-8c7b-2b26c4a6610b}</UniqueIdentifier>
    </Filter>
    <Filter Include="リソース ファイル\Volume\Blur\Blur8">
      <UniqueIdentifier>{71fca452-b89b-4b6c-8ad9-3d07bd3ea052}</UniqueIdentifier>
    </Filter>
    <Filter Include="リソース ファイル\Volume\Blur\Blur4">
      <UniqueIdentifier>{7a471adb-2a84-4dd7-a690-593972b80f7c}</UniqueIdentifier>
    </Filter>
    <Filter Include="リソース ファイル\Volume\Blur\Blur2">
      <UniqueIdentifier>{eab2913d-d286-4bed-9dfc-e4fe91019ed8}</UniqueIdentifier>
    </Filter>
    <Filter Include="リソース ファイル\PS\Deffered\DefferedLighting">
      <UniqueIdentifier>{c31d6886-f288-4e84-a0fd-b478543bad29}</UniqueIdentifier>
    </Filter>
    <Filter Include="リソース ファイル\MS">
      <UniqueIdentifier>{f2b810e8-05bc-4ab1-9822-4da285c2d181}</UniqueIdentifier>
    </Filter>
    <Filter Include="リソース ファイル\AS">
      <UniqueIdentifier>{0546c993-cf4d-46ba-9435-5e7e21190339}</UniqueIdentifier>
    </Filter>
    <Filter Include="System">
      <UniqueIdentifier>{76379fc3-1641-4d6d-8e58-698c0ea3b77c}</UniqueIdentifier>
    </Filter>
    <Filter Include="System\Rendering">
      <UniqueIdentifier>{35e660f7-0801-4ed5-9015-40dbda5a9f30}</UniqueIdentifier>
    </Filter>
    <Filter Include="System\Rendering\Volume">
      <UniqueIdentifier>{68183fac-d14d-4edd-ad8f-0613d6ddcdac}</UniqueIdentifier>
    </Filter>
    <Filter Include="System\Rendering\Pass">
      <UniqueIdentifier>{88f124ee-10f8-42d8-9369-c838dc32a20c}</UniqueIdentifier>
    </Filter>
    <Filter Include="System\Rendering\Texture">
      <UniqueIdentifier>{e6a80741-92e4-4423-a00b-7912459cd466}</UniqueIdentifier>
    </Filter>
    <Filter Include="System\Rendering\Pipeline">
      <UniqueIdentifier>{b67ee4c7-76ab-4b37-ab48-d54d5bae8c58}</UniqueIdentifier>
    </Filter>
    <Filter Include="System\Rendering\ConstantBuffer">
      <UniqueIdentifier>{833d7d4f-e9bf-470e-a525-a1f0fa8c36b5}</UniqueIdentifier>
    </Filter>
    <Filter Include="System\GameObject">
      <UniqueIdentifier>{7112d85a-5dff-4df5-be2c-3f4e46a03d04}</UniqueIdentifier>
    </Filter>
    <Filter Include="Component">
      <UniqueIdentifier>{b41cab3f-d1fb-44b5-b7e7-8ce33e2d8f9e}</UniqueIdentifier>
    </Filter>
    <Filter Include="Material">
      <UniqueIdentifier>{cb423ac8-2216-4bd0-86dd-c647b8f7769e}</UniqueIdentifier>
    </Filter>
    <Filter Include="Material\Materials">
      <UniqueIdentifier>{d78f6a5e-abc0-47b4-96a1-dec250921816}</UniqueIdentifier>
    </Filter>
    <Filter Include="Model">
      <UniqueIdentifier>{33a8443c-13ec-4c65-a4b0-a77f0ec4533e}</UniqueIdentifier>
    </Filter>
    <Filter Include="Scene">
      <UniqueIdentifier>{972b0e07-4064-402c-b8e0-0455127c096b}</UniqueIdentifier>
    </Filter>
    <Filter Include="System\Component">
      <UniqueIdentifier>{7c15b2a6-a6af-42ad-be27-18cd56e0c922}</UniqueIdentifier>
    </Filter>
    <Filter Include="imgui">
      <UniqueIdentifier>{d3a37300-2617-4fa3-b4c7-d9fc724b0835}</UniqueIdentifier>
    </Filter>
    <Filter Include="Scene\Scenes">
      <UniqueIdentifier>{8de1f8ae-39c2-43a7-8307-39c46c08a1a4}</UniqueIdentifier>
    </Filter>
    <Filter Include="GameObject">
      <UniqueIdentifier>{4a5a8665-ad18-413a-8bb4-00e4b723c88f}</UniqueIdentifier>
    </Filter>
    <Filter Include="GameObject\Camera">
      <UniqueIdentifier>{ff345d90-0e0b-49bc-91ac-b7ea000040f6}</UniqueIdentifier>
    </Filter>
    <Filter Include="GameObject\Light">
      <UniqueIdentifier>{5ebb5823-f9c4-48d1-a5cf-0510461dc106}</UniqueIdentifier>
    </Filter>
    <Filter Include="Component\Rendering">
      <UniqueIdentifier>{bd3c73ea-f13b-4601-9442-5296e91c03b6}</UniqueIdentifier>
    </Filter>
  </ItemGroup>
  <ItemGroup>
    <ClCompile Include="imgui\imgui.cpp">
      <Filter>imgui</Filter>
    </ClCompile>
    <ClCompile Include="imgui\imgui_draw.cpp">
      <Filter>imgui</Filter>
    </ClCompile>
    <ClCompile Include="imgui\imgui_impl_dx12.cpp">
      <Filter>imgui</Filter>
    </ClCompile>
    <ClCompile Include="imgui\imgui_impl_win32.cpp">
      <Filter>imgui</Filter>
    </ClCompile>
    <ClCompile Include="imgui\imgui_tables.cpp">
      <Filter>imgui</Filter>
    </ClCompile>
    <ClCompile Include="imgui\imgui_widgets.cpp">
      <Filter>imgui</Filter>
    </ClCompile>
    <ClCompile Include="System\timer.cpp">
      <Filter>System</Filter>
    </ClCompile>
    <ClCompile Include="System\StartUp.cpp">
      <Filter>System</Filter>
    </ClCompile>
    <ClCompile Include="System\Input.cpp">
      <Filter>System</Filter>
    </ClCompile>
    <ClCompile Include="System\DirectX.cpp">
      <Filter>System</Filter>
    </ClCompile>
    <ClCompile Include="System\Rendering\RenderingEngine.cpp">
      <Filter>System\Rendering</Filter>
    </ClCompile>
    <ClCompile Include="System\Rendering\Volume\Blur.cpp">
      <Filter>System\Rendering\Volume</Filter>
    </ClCompile>
    <ClCompile Include="System\Rendering\Volume\Copy.cpp">
      <Filter>System\Rendering\Volume</Filter>
    </ClCompile>
    <ClCompile Include="System\Rendering\Volume\vignette.cpp">
      <Filter>System\Rendering\Volume</Filter>
    </ClCompile>
    <ClCompile Include="System\Rendering\Volume\volume.cpp">
      <Filter>System\Rendering\Volume</Filter>
    </ClCompile>
    <ClCompile Include="System\Rendering\Texture\DepthStencil.cpp">
      <Filter>System\Rendering\Texture</Filter>
    </ClCompile>
    <ClCompile Include="System\Rendering\Texture\RenderTarget.cpp">
      <Filter>System\Rendering\Texture</Filter>
    </ClCompile>
    <ClCompile Include="System\Rendering\Texture\Texture.cpp">
      <Filter>System\Rendering\Texture</Filter>
    </ClCompile>
    <ClCompile Include="System\Rendering\Pipeline\DescriptorHeap.cpp">
      <Filter>System\Rendering\Pipeline</Filter>
    </ClCompile>
    <ClCompile Include="System\Rendering\Pipeline\PipelineState.cpp">
      <Filter>System\Rendering\Pipeline</Filter>
    </ClCompile>
    <ClCompile Include="System\Rendering\Pipeline\RootSignature.cpp">
      <Filter>System\Rendering\Pipeline</Filter>
    </ClCompile>
    <ClCompile Include="System\Rendering\Pass\CustomDepthNormalPass.cpp">
      <Filter>System\Rendering\Pass</Filter>
    </ClCompile>
    <ClCompile Include="System\Rendering\Pass\DepthNormalPass.cpp">
      <Filter>System\Rendering\Pass</Filter>
    </ClCompile>
    <ClCompile Include="System\Rendering\Pass\RenderingPass.cpp">
      <Filter>System\Rendering\Pass</Filter>
    </ClCompile>
    <ClCompile Include="System\Rendering\Pass\ShadowPass.cpp">
      <Filter>System\Rendering\Pass</Filter>
    </ClCompile>
    <ClCompile Include="System\Rendering\ConstantBuffer\ConstantBuffer.cpp">
      <Filter>System\Rendering\ConstantBuffer</Filter>
    </ClCompile>
    <ClCompile Include="System\Rendering\ConstantBuffer\ConstantWVP.cpp">
      <Filter>System\Rendering\ConstantBuffer</Filter>
    </ClCompile>
    <ClCompile Include="System\GameObject\GameObject.cpp">
      <Filter>System\GameObject</Filter>
    </ClCompile>
    <ClCompile Include="Scene\SceneBase.cpp">
      <Filter>Scene</Filter>
    </ClCompile>
    <ClCompile Include="Scene\SceneManager.cpp">
      <Filter>Scene</Filter>
    </ClCompile>
    <ClCompile Include="Scene\Scenes\SceneSandBoxDX12.cpp">
      <Filter>Scene\Scenes</Filter>
    </ClCompile>
    <ClCompile Include="Model\MaterialRegistry.cpp">
      <Filter>Model</Filter>
    </ClCompile>
    <ClCompile Include="Model\MeshBuffer.cpp">
      <Filter>Model</Filter>
    </ClCompile>
    <ClCompile Include="Model\Model.cpp">
      <Filter>Model</Filter>
    </ClCompile>
    <ClCompile Include="Model\plane.cpp">
      <Filter>Model</Filter>
    </ClCompile>
    <ClCompile Include="Model\primitive.cpp">
      <Filter>Model</Filter>
    </ClCompile>
    <ClCompile Include="Model\sphere.cpp">
      <Filter>Model</Filter>
    </ClCompile>
    <ClCompile Include="Material\Materials\M_Deffered_Albedo.cpp">
      <Filter>Material\Materials</Filter>
    </ClCompile>
    <ClCompile Include="Material\Materials\M_DepthNormal.cpp">
      <Filter>Material\Materials</Filter>
    </ClCompile>
    <ClCompile Include="Material\Materials\M_Grid.cpp">
      <Filter>Material\Materials</Filter>
    </ClCompile>
    <ClCompile Include="Material\Materials\M_MS.cpp">
      <Filter>Material\Materials</Filter>
    </ClCompile>
    <ClCompile Include="Material\Materials\M_Shadow.cpp">
      <Filter>Material\Materials</Filter>
    </ClCompile>
    <ClCompile Include="Material\Materials\M_SimpleLit.cpp">
      <Filter>Material\Materials</Filter>
    </ClCompile>
    <ClCompile Include="Material\Materials\M_SkyBox.cpp">
      <Filter>Material\Materials</Filter>
    </ClCompile>
    <ClCompile Include="Material\Material.cpp">
      <Filter>Material</Filter>
    </ClCompile>
    <ClCompile Include="imgui\imguiImage.cpp">
      <Filter>imgui</Filter>
    </ClCompile>
    <ClCompile Include="Component\FollowActorComponent.cpp">
      <Filter>Component</Filter>
    </ClCompile>
    <ClCompile Include="System\Rendering\Volume\PostProcess.cpp">
      <Filter>System\Rendering\Volume</Filter>
    </ClCompile>
    <ClCompile Include="Component\Rendering\RenderingComponent.cpp">
      <Filter>Component\Rendering</Filter>
    </ClCompile>
    <ClCompile Include="GameObject\Camera\CameraDebug.cpp">
      <Filter>GameObject\Camera</Filter>
    </ClCompile>
    <ClCompile Include="GameObject\Light\LightBase.cpp">
      <Filter>GameObject\Light</Filter>
    </ClCompile>
    <ClCompile Include="GameObject\Camera\CameraBase.cpp">
      <Filter>GameObject\Camera</Filter>
    </ClCompile>
  </ItemGroup>
  <ItemGroup>
    <ClInclude Include="System\timer.h">
      <Filter>System</Filter>
    </ClInclude>
    <ClInclude Include="System\StartUp.h">
      <Filter>System</Filter>
    </ClInclude>
    <ClInclude Include="System\MyMath.h">
      <Filter>System</Filter>
    </ClInclude>
    <ClInclude Include="System\Input.h">
      <Filter>System</Filter>
    </ClInclude>
    <ClInclude Include="System\DirectX.h">
      <Filter>System</Filter>
    </ClInclude>
    <ClInclude Include="System\Rendering\GlobalResourceKey.h">
      <Filter>System\Rendering</Filter>
    </ClInclude>
    <ClInclude Include="System\Rendering\RenderingEngine.h">
      <Filter>System\Rendering</Filter>
    </ClInclude>
    <ClInclude Include="System\Rendering\Volume\Blur.h">
      <Filter>System\Rendering\Volume</Filter>
    </ClInclude>
    <ClInclude Include="System\Rendering\Volume\Copy.h">
      <Filter>System\Rendering\Volume</Filter>
    </ClInclude>
    <ClInclude Include="System\Rendering\Volume\vignette.h">
      <Filter>System\Rendering\Volume</Filter>
    </ClInclude>
    <ClInclude Include="System\Rendering\Volume\volume.h">
      <Filter>System\Rendering\Volume</Filter>
    </ClInclude>
    <ClInclude Include="System\Rendering\Texture\DepthStencil.h">
      <Filter>System\Rendering\Texture</Filter>
    </ClInclude>
    <ClInclude Include="System\Rendering\Texture\RenderTarget.h">
      <Filter>System\Rendering\Texture</Filter>
    </ClInclude>
    <ClInclude Include="System\Rendering\Texture\Texture.h">
      <Filter>System\Rendering\Texture</Filter>
    </ClInclude>
    <ClInclude Include="System\Rendering\Texture\TextureLoad.h">
      <Filter>System\Rendering\Texture</Filter>
    </ClInclude>
    <ClInclude Include="System\Rendering\Pipeline\DescriptorHeap.h">
      <Filter>System\Rendering\Pipeline</Filter>
    </ClInclude>
    <ClInclude Include="System\Rendering\Pipeline\PipelineState.h">
      <Filter>System\Rendering\Pipeline</Filter>
    </ClInclude>
    <ClInclude Include="System\Rendering\Pipeline\RootSignature.h">
      <Filter>System\Rendering\Pipeline</Filter>
    </ClInclude>
    <ClInclude Include="System\Rendering\Pass\CustomDepthNormalPass.h">
      <Filter>System\Rendering\Pass</Filter>
    </ClInclude>
    <ClInclude Include="System\Rendering\Pass\DepthNormalPass.h">
      <Filter>System\Rendering\Pass</Filter>
    </ClInclude>
    <ClInclude Include="System\Rendering\Pass\RenderingPass.h">
      <Filter>System\Rendering\Pass</Filter>
    </ClInclude>
    <ClInclude Include="System\Rendering\Pass\ShadowPass.h">
      <Filter>System\Rendering\Pass</Filter>
    </ClInclude>
    <ClInclude Include="System\Rendering\ConstantBuffer\ConstantBuffer.h">
      <Filter>System\Rendering\ConstantBuffer</Filter>
    </ClInclude>
    <ClInclude Include="System\Rendering\ConstantBuffer\ConstantLighting.h">
      <Filter>System\Rendering\ConstantBuffer</Filter>
    </ClInclude>
    <ClInclude Include="System\Rendering\ConstantBuffer\ConstantWVP.h">
      <Filter>System\Rendering\ConstantBuffer</Filter>
    </ClInclude>
    <ClInclude Include="System\GameObject\GameObject.h">
      <Filter>System\GameObject</Filter>
    </ClInclude>
    <ClInclude Include="System\Component\Component.h">
      <Filter>System\Component</Filter>
    </ClInclude>
    <ClInclude Include="Scene\SceneBase.h">
      <Filter>Scene</Filter>
    </ClInclude>
    <ClInclude Include="Scene\SceneManager.h">
      <Filter>Scene</Filter>
    </ClInclude>
    <ClInclude Include="Scene\Scenes\SceneSandBoxDX12.h">
      <Filter>Scene\Scenes</Filter>
    </ClInclude>
    <ClInclude Include="Model\MaterialRegistry.h">
      <Filter>Model</Filter>
    </ClInclude>
    <ClInclude Include="Model\MeshBuffer.h">
      <Filter>Model</Filter>
    </ClInclude>
    <ClInclude Include="Model\Model.h">
      <Filter>Model</Filter>
    </ClInclude>
    <ClInclude Include="Model\plane.h">
      <Filter>Model</Filter>
    </ClInclude>
    <ClInclude Include="Model\primitive.h">
      <Filter>Model</Filter>
    </ClInclude>
    <ClInclude Include="Model\sphere.h">
      <Filter>Model</Filter>
    </ClInclude>
    <ClInclude Include="Material\Materials\M_Deffered_Albedo.h">
      <Filter>Material\Materials</Filter>
    </ClInclude>
    <ClInclude Include="Material\Materials\M_DepthNormal.h">
      <Filter>Material\Materials</Filter>
    </ClInclude>
    <ClInclude Include="Material\Materials\M_Grid.h">
      <Filter>Material\Materials</Filter>
    </ClInclude>
    <ClInclude Include="Material\Materials\M_MS.h">
      <Filter>Material\Materials</Filter>
    </ClInclude>
    <ClInclude Include="Material\Materials\M_Shadow.h">
      <Filter>Material\Materials</Filter>
    </ClInclude>
    <ClInclude Include="Material\Materials\M_SimpleLit.h">
      <Filter>Material\Materials</Filter>
    </ClInclude>
    <ClInclude Include="Material\Materials\M_SkyBox.h">
      <Filter>Material\Materials</Filter>
    </ClInclude>
    <ClInclude Include="Material\Material.h">
      <Filter>Material</Filter>
    </ClInclude>
    <ClInclude Include="imgui\imguiImage.h">
      <Filter>imgui</Filter>
    </ClInclude>
    <ClInclude Include="Component\FollowActorComponent.h">
      <Filter>Component</Filter>
    </ClInclude>
    <ClInclude Include="System\Rendering\Volume\PostProcess.h">
      <Filter>System\Rendering\Volume</Filter>
    </ClInclude>
    <ClInclude Include="Component\Rendering\RenderingComponent.h">
      <Filter>Component\Rendering</Filter>
    </ClInclude>
    <ClInclude Include="GameObject\Light\LightBase.h">
      <Filter>GameObject\Light</Filter>
    </ClInclude>
    <ClInclude Include="GameObject\Camera\CameraBase.h">
      <Filter>GameObject\Camera</Filter>
    </ClInclude>
  </ItemGroup>
  <ItemGroup>
    <FxCompile Include="CommonLighting.hlsl">
      <Filter>リソース ファイル\Common</Filter>
    </FxCompile>
    <FxCompile Include="CommonFunction.hlsl">
      <Filter>リソース ファイル\Common</Filter>
    </FxCompile>
    <FxCompile Include="CommonDefine.hlsl">
      <Filter>リソース ファイル\Common</Filter>
    </FxCompile>
    <FxCompile Include="CommonShadow.hlsl">
      <Filter>リソース ファイル\Common</Filter>
    </FxCompile>
    <FxCompile Include="CommonShadowParam.hlsl">
      <Filter>リソース ファイル\Common</Filter>
    </FxCompile>
    <FxCompile Include="CommonShadowVSM.hlsl">
      <Filter>リソース ファイル\Common</Filter>
    </FxCompile>
    <FxCompile Include="CommonParam.hlsl">
      <Filter>リソース ファイル\Common</Filter>
    </FxCompile>
    <FxCompile Include="VS_WorldObject.hlsl">
      <Filter>リソース ファイル\VS</Filter>
    </FxCompile>
    <FxCompile Include="PS_Grid.hlsl">
      <Filter>リソース ファイル\PS\Common\Grid</Filter>
    </FxCompile>
    <FxCompile Include="PS_GridShadow.hlsl">
      <Filter>リソース ファイル\PS\Common\Grid</Filter>
    </FxCompile>
    <FxCompile Include="PS_GridShadowVSM.hlsl">
      <Filter>リソース ファイル\PS\Common\Grid</Filter>
    </FxCompile>
    <FxCompile Include="PS_DefferedLighting.hlsl">
      <Filter>リソース ファイル\PS\Deffered\DefferedLighting</Filter>
    </FxCompile>
    <FxCompile Include="PS_Deffered.hlsl">
      <Filter>リソース ファイル\PS\Deffered</Filter>
    </FxCompile>
    <FxCompile Include="PS_DepthNormal.hlsl">
      <Filter>リソース ファイル\PS\Depth</Filter>
    </FxCompile>
    <FxCompile Include="PS_OpaqueSimpleLit.hlsl">
      <Filter>リソース ファイル\PS\Lit</Filter>
    </FxCompile>
    <FxCompile Include="PS_SimpleLit.hlsl">
      <Filter>リソース ファイル\PS\Lit</Filter>
    </FxCompile>
    <FxCompile Include="PS_OpaqueSimpleShadowMap.hlsl">
      <Filter>リソース ファイル\PS\ShadowMap</Filter>
    </FxCompile>
    <FxCompile Include="PS_SimpleShadowMap.hlsl">
      <Filter>リソース ファイル\PS\ShadowMap</Filter>
    </FxCompile>
    <FxCompile Include="PS_Blur2.hlsl">
      <Filter>リソース ファイル\Volume\Blur\Blur2</Filter>
    </FxCompile>
    <FxCompile Include="VS_Blur2X.hlsl">
      <Filter>リソース ファイル\Volume\Blur\Blur2</Filter>
    </FxCompile>
    <FxCompile Include="VS_Blur2Y.hlsl">
      <Filter>リソース ファイル\Volume\Blur\Blur2</Filter>
    </FxCompile>
    <FxCompile Include="PS_Blur4.hlsl">
      <Filter>リソース ファイル\Volume\Blur\Blur4</Filter>
    </FxCompile>
    <FxCompile Include="VS_Blur4X.hlsl">
      <Filter>リソース ファイル\Volume\Blur\Blur4</Filter>
    </FxCompile>
    <FxCompile Include="VS_Blur4Y.hlsl">
      <Filter>リソース ファイル\Volume\Blur\Blur4</Filter>
    </FxCompile>
    <FxCompile Include="PS_Blur8.hlsl">
      <Filter>リソース ファイル\Volume\Blur\Blur8</Filter>
    </FxCompile>
    <FxCompile Include="VS_Blur8X.hlsl">
      <Filter>リソース ファイル\Volume\Blur\Blur8</Filter>
    </FxCompile>
    <FxCompile Include="VS_Blur8Y.hlsl">
      <Filter>リソース ファイル\Volume\Blur\Blur8</Filter>
    </FxCompile>
    <FxCompile Include="PS_Vignette.hlsl">
      <Filter>リソース ファイル\Volume</Filter>
    </FxCompile>
    <FxCompile Include="VS_DepthNormal.hlsl">
      <Filter>リソース ファイル\VS</Filter>
    </FxCompile>
    <FxCompile Include="VS_Object.hlsl">
      <Filter>リソース ファイル\VS</Filter>
    </FxCompile>
    <FxCompile Include="VS_ShadowMap.hlsl">
      <Filter>リソース ファイル\VS</Filter>
    </FxCompile>
    <FxCompile Include="VS_ShadowReciever.hlsl">
      <Filter>リソース ファイル\VS</Filter>
    </FxCompile>
    <FxCompile Include="VS_Sprite.hlsl">
      <Filter>リソース ファイル\VS</Filter>
    </FxCompile>
    <FxCompile Include="PS_UnLit.hlsl">
      <Filter>リソース ファイル\PS\Lit</Filter>
    </FxCompile>
    <FxCompile Include="PS_Copy.hlsl">
      <Filter>リソース ファイル\Volume</Filter>
    </FxCompile>
    <FxCompile Include="MS_Object.hlsl">
      <Filter>リソース ファイル\MS</Filter>
    </FxCompile>
    <FxCompile Include="PS_MS.hlsl">
      <Filter>リソース ファイル\PS\Common</Filter>
    </FxCompile>
    <FxCompile Include="AS_CullingObject.hlsl">
      <Filter>リソース ファイル\AS</Filter>
    </FxCompile>
    <FxCompile Include="MS_CullingObject.hlsl">
      <Filter>リソース ファイル\MS</Filter>
    </FxCompile>
    <FxCompile Include="CommonMeshlet.hlsl">
      <Filter>リソース ファイル\Common</Filter>
    </FxCompile>
  </ItemGroup>
  <ItemGroup>
    <None Include="packages.config" />
  </ItemGroup>
</Project>