<?xml version="1.0" encoding="utf-8"?>
<Project ToolsVersion="4.0" xmlns="http://schemas.microsoft.com/developer/msbuild/2003">
  <ItemGroup>
    <Filter Include="ソース ファイル">
      <UniqueIdentifier>{4FC737F1-C7A5-4376-A066-2A32D752A2FF}</UniqueIdentifier>
      <Extensions>cpp;c;cc;cxx;def;odl;idl;hpj;bat;asm;asmx</Extensions>
    </Filter>
    <Filter Include="ヘッダー ファイル">
      <UniqueIdentifier>{93995380-89BD-4b04-88EB-625FBE52EBFB}</UniqueIdentifier>
      <Extensions>h;hh;hpp;hxx;hm;inl;inc;ipp;xsd</Extensions>
    </Filter>
    <Filter Include="リソース ファイル">
      <UniqueIdentifier>{67DA6AB6-F800-4c08-8B7A-83BB121AAD01}</UniqueIdentifier>
      <Extensions>rc;ico;cur;bmp;dlg;rc2;rct;bin;rgs;gif;jpg;jpeg;jpe;resx;tiff;tif;png;wav;mfcribbon-ms</Extensions>
    </Filter>
    <Filter Include="リソース ファイル\VS">
      <UniqueIdentifier>{c6b67b83-b1e3-495c-853c-07033cfe0524}</UniqueIdentifier>
    </Filter>
    <Filter Include="リソース ファイル\PS">
      <UniqueIdentifier>{d865ba8c-3d1e-49a2-8858-9a00aaf35e3f}</UniqueIdentifier>
    </Filter>
    <Filter Include="ヘッダー ファイル\System">
      <UniqueIdentifier>{67fbd04f-cb10-45e9-a14f-f196e46799ce}</UniqueIdentifier>
    </Filter>
    <Filter Include="ソース ファイル\System">
      <UniqueIdentifier>{76379fc3-1641-4d6d-8e58-698c0ea3b77c}</UniqueIdentifier>
    </Filter>
    <Filter Include="ヘッダー ファイル\System\Constant">
      <UniqueIdentifier>{a8ebc9bb-5377-41c2-9d7b-70d0ec4f7ba7}</UniqueIdentifier>
    </Filter>
    <Filter Include="ヘッダー ファイル\Game">
      <UniqueIdentifier>{159d47c0-1c94-4825-96bb-6c344cd41b13}</UniqueIdentifier>
    </Filter>
    <Filter Include="ヘッダー ファイル\Game\Camera">
      <UniqueIdentifier>{19fab5bb-e67f-42bd-96dc-23d5649a5d94}</UniqueIdentifier>
    </Filter>
    <Filter Include="ソース ファイル\Game">
      <UniqueIdentifier>{4a5a8665-ad18-413a-8bb4-00e4b723c88f}</UniqueIdentifier>
    </Filter>
    <Filter Include="ソース ファイル\Game\Camera">
      <UniqueIdentifier>{ff345d90-0e0b-49bc-91ac-b7ea000040f6}</UniqueIdentifier>
    </Filter>
    <Filter Include="リソース ファイル\Common">
      <UniqueIdentifier>{15aad25b-7e7f-4701-b5b0-b9e22788245e}</UniqueIdentifier>
    </Filter>
    <Filter Include="ソース ファイル\ImGUI">
      <UniqueIdentifier>{d3a37300-2617-4fa3-b4c7-d9fc724b0835}</UniqueIdentifier>
    </Filter>
    <Filter Include="ヘッダー ファイル\ImGUI">
      <UniqueIdentifier>{25ea28dc-ae57-45a7-98e8-4eb9b48a0219}</UniqueIdentifier>
    </Filter>
    <Filter Include="ソース ファイル\Game\Light">
      <UniqueIdentifier>{5ebb5823-f9c4-48d1-a5cf-0510461dc106}</UniqueIdentifier>
    </Filter>
    <Filter Include="ヘッダー ファイル\Game\Light">
      <UniqueIdentifier>{591a3475-a82b-4ca0-8aee-73c959378645}</UniqueIdentifier>
    </Filter>
    <Filter Include="ソース ファイル\Scene">
      <UniqueIdentifier>{972b0e07-4064-402c-b8e0-0455127c096b}</UniqueIdentifier>
    </Filter>
    <Filter Include="ヘッダー ファイル\Scene">
      <UniqueIdentifier>{f68aed56-6f7f-432b-b947-59feec0c4d91}</UniqueIdentifier>
    </Filter>
    <Filter Include="ソース ファイル\System\ConstantBuffer">
      <UniqueIdentifier>{833d7d4f-e9bf-470e-a525-a1f0fa8c36b5}</UniqueIdentifier>
    </Filter>
    <Filter Include="リソース ファイル\PS\Lit">
      <UniqueIdentifier>{15aabc8b-5dc5-41b7-9cb4-4751e0f7940f}</UniqueIdentifier>
    </Filter>
    <Filter Include="ヘッダー ファイル\Lib">
      <UniqueIdentifier>{511a6ff1-a73d-41c9-b493-121c25f0cab5}</UniqueIdentifier>
    </Filter>
    <Filter Include="ソース ファイル\Material">
      <UniqueIdentifier>{cb423ac8-2216-4bd0-86dd-c647b8f7769e}</UniqueIdentifier>
    </Filter>
    <Filter Include="ヘッダー ファイル\Material">
      <UniqueIdentifier>{688fd8bc-b23a-4195-886d-e6b86eb329fa}</UniqueIdentifier>
    </Filter>
    <Filter Include="ソース ファイル\Model">
      <UniqueIdentifier>{33a8443c-13ec-4c65-a4b0-a77f0ec4533e}</UniqueIdentifier>
    </Filter>
    <Filter Include="ヘッダー ファイル\Model">
      <UniqueIdentifier>{585c52db-8a6a-4581-9f00-2750b9c5ac2b}</UniqueIdentifier>
    </Filter>
    <Filter Include="ヘッダー ファイル\Material\Materials">
      <UniqueIdentifier>{d08ec512-921f-483d-a204-ee90d2e781ff}</UniqueIdentifier>
    </Filter>
    <Filter Include="リソース ファイル\PS\Deffered">
      <UniqueIdentifier>{97472983-d64e-45a2-9716-855aa7b81ce2}</UniqueIdentifier>
    </Filter>
    <Filter Include="リソース ファイル\PS\Common">
      <UniqueIdentifier>{fcbb99d6-5423-4ff4-aab3-9f45a43918a8}</UniqueIdentifier>
    </Filter>
    <Filter Include="ソース ファイル\System\Rendering">
      <UniqueIdentifier>{35e660f7-0801-4ed5-9015-40dbda5a9f30}</UniqueIdentifier>
    </Filter>
    <Filter Include="ソース ファイル\System\GameObject">
      <UniqueIdentifier>{7112d85a-5dff-4df5-be2c-3f4e46a03d04}</UniqueIdentifier>
    </Filter>
    <Filter Include="ヘッダー ファイル\System\Rendering">
      <UniqueIdentifier>{ae2d5e81-c952-4d70-a3ae-c7629fa78b57}</UniqueIdentifier>
    </Filter>
    <Filter Include="ヘッダー ファイル\System\GameObject">
      <UniqueIdentifier>{ec69bb34-b930-409e-87a3-091851f81b9d}</UniqueIdentifier>
    </Filter>
    <Filter Include="ヘッダー ファイル\System\Rendering\Volume">
      <UniqueIdentifier>{630e0094-f6d4-4dad-804b-2a55f4f34db2}</UniqueIdentifier>
    </Filter>
    <Filter Include="ソース ファイル\System\Rendering\Volume">
      <UniqueIdentifier>{68183fac-d14d-4edd-ad8f-0613d6ddcdac}</UniqueIdentifier>
    </Filter>
    <Filter Include="ヘッダー ファイル\System\Rendering\Pass">
      <UniqueIdentifier>{bc501b4f-a12b-427a-96c6-0d36f39929e4}</UniqueIdentifier>
    </Filter>
    <Filter Include="ソース ファイル\System\Rendering\Pass">
      <UniqueIdentifier>{88f124ee-10f8-42d8-9369-c838dc32a20c}</UniqueIdentifier>
    </Filter>
    <Filter Include="リソース ファイル\PS\Depth">
      <UniqueIdentifier>{305a46b2-d608-4624-a50a-1353292ca469}</UniqueIdentifier>
    </Filter>
    <Filter Include="リソース ファイル\PS\ShadowMap">
      <UniqueIdentifier>{c5fce56f-6b50-4e20-b8bf-b96f42f8b85c}</UniqueIdentifier>
    </Filter>
    <Filter Include="ヘッダー ファイル\System\Rendering\System">
      <UniqueIdentifier>{1f3f5fcd-7de8-46c3-b698-cff1b74b5fc1}</UniqueIdentifier>
    </Filter>
    <Filter Include="ソース ファイル\System\Rendering\System">
      <UniqueIdentifier>{b67ee4c7-76ab-4b37-ab48-d54d5bae8c58}</UniqueIdentifier>
    </Filter>
    <Filter Include="リソース ファイル\PS\Common\Grid">
      <UniqueIdentifier>{ca5af76f-2696-4ed5-9e12-2d20ea779ae0}</UniqueIdentifier>
    </Filter>
    <Filter Include="ソース ファイル\System\Rendering\Texture">
      <UniqueIdentifier>{e6a80741-92e4-4423-a00b-7912459cd466}</UniqueIdentifier>
    </Filter>
    <Filter Include="ヘッダー ファイル\System\Rendering\Texture">
      <UniqueIdentifier>{c2464eb1-b870-4066-b3c0-25339bc17e45}</UniqueIdentifier>
    </Filter>
    <Filter Include="リソース ファイル\Volume">
      <UniqueIdentifier>{20042cb3-e1e4-4f04-8eab-0113371faf0c}</UniqueIdentifier>
    </Filter>
    <Filter Include="リソース ファイル\Volume\Blur">
      <UniqueIdentifier>{1b4c8a7f-b891-4e31-8c7b-2b26c4a6610b}</UniqueIdentifier>
    </Filter>
    <Filter Include="ヘッダー ファイル\System\Component">
      <UniqueIdentifier>{4645607a-d2ea-498d-b639-3d54c8a9da13}</UniqueIdentifier>
    </Filter>
    <Filter Include="ソース ファイル\Component">
      <UniqueIdentifier>{b41cab3f-d1fb-44b5-b7e7-8ce33e2d8f9e}</UniqueIdentifier>
    </Filter>
    <Filter Include="ヘッダー ファイル\Component">
      <UniqueIdentifier>{d7c46927-32bb-4771-809f-9993753d374c}</UniqueIdentifier>
    </Filter>
    <Filter Include="リソース ファイル\Volume\Blur\Blur8">
      <UniqueIdentifier>{71fca452-b89b-4b6c-8ad9-3d07bd3ea052}</UniqueIdentifier>
    </Filter>
    <Filter Include="リソース ファイル\Volume\Blur\Blur4">
      <UniqueIdentifier>{7a471adb-2a84-4dd7-a690-593972b80f7c}</UniqueIdentifier>
    </Filter>
    <Filter Include="リソース ファイル\Volume\Blur\Blur2">
      <UniqueIdentifier>{eab2913d-d286-4bed-9dfc-e4fe91019ed8}</UniqueIdentifier>
    </Filter>
    <Filter Include="リソース ファイル\PS\Deffered\DefferedLighting">
      <UniqueIdentifier>{c31d6886-f288-4e84-a0fd-b478543bad29}</UniqueIdentifier>
    </Filter>
    <Filter Include="ソース ファイル\Material\Materials">
      <UniqueIdentifier>{d78f6a5e-abc0-47b4-96a1-dec250921816}</UniqueIdentifier>
    </Filter>
    <Filter Include="ヘッダー ファイル\Debug">
      <UniqueIdentifier>{bfa45a77-78b7-4254-bad8-0f85a9583fb5}</UniqueIdentifier>
    </Filter>
    <Filter Include="ソース ファイル\Debug">
      <UniqueIdentifier>{d11d7630-a19d-4f4c-ab23-5503f491e1cf}</UniqueIdentifier>
    </Filter>
  </ItemGroup>
  <ItemGroup>
    <ClCompile Include="DirectX.cpp">
      <Filter>ソース ファイル\System</Filter>
    </ClCompile>
    <ClCompile Include="ConstantBuffer.cpp">
      <Filter>ソース ファイル\System\ConstantBuffer</Filter>
    </ClCompile>
    <ClCompile Include="ConstantWVP.cpp">
      <Filter>ソース ファイル\System\ConstantBuffer</Filter>
    </ClCompile>
    <ClCompile Include="CameraDebug.cpp">
      <Filter>ソース ファイル\Game\Camera</Filter>
    </ClCompile>
    <ClCompile Include="Input.cpp">
      <Filter>ソース ファイル\System</Filter>
    </ClCompile>
    <ClCompile Include="CameraBase.cpp">
      <Filter>ソース ファイル\Game\Camera</Filter>
    </ClCompile>
    <ClCompile Include="imgui\imgui.cpp">
      <Filter>ソース ファイル\ImGUI</Filter>
    </ClCompile>
    <ClCompile Include="imgui\imgui_draw.cpp">
      <Filter>ソース ファイル\ImGUI</Filter>
    </ClCompile>
    <ClCompile Include="imgui\imgui_impl_dx12.cpp">
      <Filter>ソース ファイル\ImGUI</Filter>
    </ClCompile>
    <ClCompile Include="imgui\imgui_impl_win32.cpp">
      <Filter>ソース ファイル\ImGUI</Filter>
    </ClCompile>
    <ClCompile Include="imgui\imgui_tables.cpp">
      <Filter>ソース ファイル\ImGUI</Filter>
    </ClCompile>
    <ClCompile Include="imgui\imgui_widgets.cpp">
      <Filter>ソース ファイル\ImGUI</Filter>
    </ClCompile>
    <ClCompile Include="LightBase.cpp">
      <Filter>ソース ファイル\Game\Light</Filter>
    </ClCompile>
    <ClCompile Include="SceneManager.cpp">
      <Filter>ソース ファイル\Scene</Filter>
    </ClCompile>
    <ClCompile Include="StartUp.cpp">
      <Filter>ソース ファイル\System</Filter>
    </ClCompile>
    <ClCompile Include="SceneSandBoxDX12.cpp">
      <Filter>ソース ファイル\Scene</Filter>
    </ClCompile>
    <ClCompile Include="sphere.cpp">
      <Filter>ソース ファイル\Model</Filter>
    </ClCompile>
    <ClCompile Include="primitive.cpp">
      <Filter>ソース ファイル\Model</Filter>
    </ClCompile>
    <ClCompile Include="SceneBase.cpp">
      <Filter>ソース ファイル\Scene</Filter>
    </ClCompile>
    <ClCompile Include="Material.cpp">
      <Filter>ソース ファイル\Material</Filter>
    </ClCompile>
    <ClCompile Include="Model.cpp">
      <Filter>ソース ファイル\Model</Filter>
    </ClCompile>
    <ClCompile Include="M_SimpleLit.cpp">
      <Filter>ソース ファイル\Material\Materials</Filter>
    </ClCompile>
    <ClCompile Include="plane.cpp">
      <Filter>ソース ファイル\Model</Filter>
    </ClCompile>
    <ClCompile Include="M_Deffered_Albedo_Normal.cpp">
      <Filter>ソース ファイル\Material\Materials</Filter>
    </ClCompile>
    <ClCompile Include="RenderingEngine.cpp">
      <Filter>ソース ファイル\System\Rendering</Filter>
    </ClCompile>
    <ClCompile Include="GameObject.cpp">
      <Filter>ソース ファイル\System\GameObject</Filter>
    </ClCompile>
    <ClCompile Include="volume.cpp">
      <Filter>ソース ファイル\System\Rendering\Volume</Filter>
    </ClCompile>
    <ClCompile Include="Copy.cpp">
      <Filter>ソース ファイル\System\Rendering\Volume</Filter>
    </ClCompile>
    <ClCompile Include="M_DepthNormal.cpp">
      <Filter>ソース ファイル\Material\Materials</Filter>
    </ClCompile>
    <ClCompile Include="PostProcess.cpp">
      <Filter>ソース ファイル\System\Rendering</Filter>
    </ClCompile>
    <ClCompile Include="vignette.cpp">
      <Filter>ソース ファイル\System\Rendering\Volume</Filter>
    </ClCompile>
    <ClCompile Include="RenderingPass.cpp">
      <Filter>ソース ファイル\System\Rendering\Pass</Filter>
    </ClCompile>
    <ClCompile Include="DepthNormalPass.cpp">
      <Filter>ソース ファイル\System\Rendering\Pass</Filter>
    </ClCompile>
    <ClCompile Include="MeshBuffer.cpp">
      <Filter>ソース ファイル\Model</Filter>
    </ClCompile>
    <ClCompile Include="timer.cpp">
      <Filter>ソース ファイル\System</Filter>
    </ClCompile>
    <ClCompile Include="M_Grid.cpp">
      <Filter>ソース ファイル\Material\Materials</Filter>
    </ClCompile>
    <ClCompile Include="M_SkyBox.cpp">
      <Filter>ソース ファイル\Material\Materials</Filter>
    </ClCompile>
    <ClCompile Include="CustomDepthNormalPass.cpp">
      <Filter>ソース ファイル\System\Rendering\Pass</Filter>
    </ClCompile>
    <ClCompile Include="M_Shadow.cpp">
      <Filter>ソース ファイル\Material\Materials</Filter>
    </ClCompile>
    <ClCompile Include="DescriptorHeap.cpp">
      <Filter>ソース ファイル\System\Rendering\System</Filter>
    </ClCompile>
    <ClCompile Include="RootSignature.cpp">
      <Filter>ソース ファイル\System\Rendering\System</Filter>
    </ClCompile>
    <ClCompile Include="Pipeline.cpp">
      <Filter>ソース ファイル\System\Rendering\System</Filter>
    </ClCompile>
    <ClCompile Include="Blur.cpp">
      <Filter>ソース ファイル\System\Rendering\Volume</Filter>
    </ClCompile>
    <ClCompile Include="Texture.cpp">
      <Filter>ソース ファイル\System\Rendering\Texture</Filter>
    </ClCompile>
    <ClCompile Include="RenderTarget.cpp">
      <Filter>ソース ファイル\System\Rendering\Texture</Filter>
    </ClCompile>
    <ClCompile Include="DepthStencil.cpp">
      <Filter>ソース ファイル\System\Rendering\Texture</Filter>
    </ClCompile>
    <ClCompile Include="FollowActorComponent.cpp">
      <Filter>ソース ファイル\Component</Filter>
    </ClCompile>
    <ClCompile Include="RenderingComponent.cpp">
      <Filter>ソース ファイル\Model</Filter>
    </ClCompile>
    <ClCompile Include="MeshMaterialManager.cpp">
      <Filter>ソース ファイル\Model</Filter>
    </ClCompile>
    <ClCompile Include="ShadowPass.cpp">
      <Filter>ソース ファイル\System\Rendering\Pass</Filter>
    </ClCompile>
    <ClCompile Include="DebugImGUI.cpp">
      <Filter>ソース ファイル\Debug</Filter>
    </ClCompile>
  </ItemGroup>
  <ItemGroup>
    <ClInclude Include="DirectX.h">
      <Filter>ヘッダー ファイル\System</Filter>
    </ClInclude>
    <ClInclude Include="ConstantWVP.h">
      <Filter>ヘッダー ファイル\System\Constant</Filter>
    </ClInclude>
    <ClInclude Include="ConstantBuffer.h">
      <Filter>ヘッダー ファイル\System\Constant</Filter>
    </ClInclude>
    <ClInclude Include="CameraBase.h">
      <Filter>ヘッダー ファイル\Game\Camera</Filter>
    </ClInclude>
    <ClInclude Include="Input.h">
      <Filter>ヘッダー ファイル\System</Filter>
    </ClInclude>
    <ClInclude Include="ConstantLighting.h">
      <Filter>ヘッダー ファイル\System\Constant</Filter>
    </ClInclude>
    <ClInclude Include="imgui\imconfig.h">
      <Filter>ヘッダー ファイル\ImGUI</Filter>
    </ClInclude>
    <ClInclude Include="imgui\imgui.h">
      <Filter>ヘッダー ファイル\ImGUI</Filter>
    </ClInclude>
    <ClInclude Include="imgui\imgui_impl_dx12.h">
      <Filter>ヘッダー ファイル\ImGUI</Filter>
    </ClInclude>
    <ClInclude Include="imgui\imgui_impl_win32.h">
      <Filter>ヘッダー ファイル\ImGUI</Filter>
    </ClInclude>
    <ClInclude Include="imgui\imgui_internal.h">
      <Filter>ヘッダー ファイル\ImGUI</Filter>
    </ClInclude>
    <ClInclude Include="imgui\imstb_rectpack.h">
      <Filter>ヘッダー ファイル\ImGUI</Filter>
    </ClInclude>
    <ClInclude Include="imgui\imstb_textedit.h">
      <Filter>ヘッダー ファイル\ImGUI</Filter>
    </ClInclude>
    <ClInclude Include="imgui\imstb_truetype.h">
      <Filter>ヘッダー ファイル\ImGUI</Filter>
    </ClInclude>
    <ClInclude Include="LightBase.h">
      <Filter>ヘッダー ファイル\Game\Light</Filter>
    </ClInclude>
    <ClInclude Include="SceneManager.h">
      <Filter>ヘッダー ファイル\Scene</Filter>
    </ClInclude>
    <ClInclude Include="SceneBase.h">
      <Filter>ヘッダー ファイル\Scene</Filter>
    </ClInclude>
    <ClInclude Include="SceneSandBoxDX12.h">
      <Filter>ヘッダー ファイル\Scene</Filter>
    </ClInclude>
    <ClInclude Include="primitive.h">
      <Filter>ヘッダー ファイル\Model</Filter>
    </ClInclude>
    <ClInclude Include="MyMath.h">
      <Filter>ヘッダー ファイル\Lib</Filter>
    </ClInclude>
    <ClInclude Include="Material.h">
      <Filter>ヘッダー ファイル\Material</Filter>
    </ClInclude>
    <ClInclude Include="Model.h">
      <Filter>ヘッダー ファイル\Model</Filter>
    </ClInclude>
    <ClInclude Include="M_SimpleLit.h">
      <Filter>ヘッダー ファイル\Material\Materials</Filter>
    </ClInclude>
    <ClInclude Include="sphere.h">
      <Filter>ヘッダー ファイル\Model</Filter>
    </ClInclude>
    <ClInclude Include="RenderingComponent.h">
      <Filter>ヘッダー ファイル\Model</Filter>
    </ClInclude>
    <ClInclude Include="plane.h">
      <Filter>ヘッダー ファイル\Model</Filter>
    </ClInclude>
    <ClInclude Include="M_Deffered_Albedo_Normal.h">
      <Filter>ヘッダー ファイル\Material\Materials</Filter>
    </ClInclude>
    <ClInclude Include="RenderingEngine.h">
      <Filter>ヘッダー ファイル\System\Rendering</Filter>
    </ClInclude>
    <ClInclude Include="GameObject.h">
      <Filter>ヘッダー ファイル\System\GameObject</Filter>
    </ClInclude>
    <ClInclude Include="StartUp.h">
      <Filter>ヘッダー ファイル\System</Filter>
    </ClInclude>
    <ClInclude Include="volume.h">
      <Filter>ヘッダー ファイル\System\Rendering\Volume</Filter>
    </ClInclude>
    <ClInclude Include="Copy.h">
      <Filter>ヘッダー ファイル\System\Rendering\Volume</Filter>
    </ClInclude>
    <ClInclude Include="M_DepthNormal.h">
      <Filter>ヘッダー ファイル\Material\Materials</Filter>
    </ClInclude>
    <ClInclude Include="PostProcess.h">
      <Filter>ヘッダー ファイル\System\Rendering</Filter>
    </ClInclude>
    <ClInclude Include="vignette.h">
      <Filter>ヘッダー ファイル\System\Rendering\Volume</Filter>
    </ClInclude>
    <ClInclude Include="RenderingPass.h">
      <Filter>ヘッダー ファイル\System\Rendering\Pass</Filter>
    </ClInclude>
    <ClInclude Include="GlobalResourceKey.h">
      <Filter>ヘッダー ファイル\System\Rendering</Filter>
    </ClInclude>
    <ClInclude Include="DepthNormalPass.h">
      <Filter>ヘッダー ファイル\System\Rendering\Pass</Filter>
    </ClInclude>
    <ClInclude Include="MeshBuffer.h">
      <Filter>ヘッダー ファイル\Model</Filter>
    </ClInclude>
    <ClInclude Include="timer.h">
      <Filter>ヘッダー ファイル\System</Filter>
    </ClInclude>
    <ClInclude Include="M_Grid.h">
      <Filter>ヘッダー ファイル\Material\Materials</Filter>
    </ClInclude>
    <ClInclude Include="M_SkyBox.h">
      <Filter>ヘッダー ファイル\Material\Materials</Filter>
    </ClInclude>
    <ClInclude Include="CustomDepthNormalPass.h">
      <Filter>ヘッダー ファイル\System\Rendering\Pass</Filter>
    </ClInclude>
    <ClInclude Include="ShadowPass.h">
      <Filter>ヘッダー ファイル\System\Rendering\Pass</Filter>
    </ClInclude>
    <ClInclude Include="M_Shadow.h">
      <Filter>ヘッダー ファイル\Material\Materials</Filter>
    </ClInclude>
    <ClInclude Include="DescriptorHeap.h">
      <Filter>ヘッダー ファイル\System\Rendering\System</Filter>
    </ClInclude>
    <ClInclude Include="Pipeline.h">
      <Filter>ヘッダー ファイル\System\Rendering\System</Filter>
    </ClInclude>
    <ClInclude Include="RootSignature.h">
      <Filter>ヘッダー ファイル\System\Rendering\System</Filter>
    </ClInclude>
    <ClInclude Include="Blur.h">
      <Filter>ヘッダー ファイル\System\Rendering\Volume</Filter>
    </ClInclude>
    <ClInclude Include="Texture.h">
      <Filter>ヘッダー ファイル\System\Rendering\Texture</Filter>
    </ClInclude>
    <ClInclude Include="RenderTarget.h">
      <Filter>ヘッダー ファイル\System\Rendering\Texture</Filter>
    </ClInclude>
    <ClInclude Include="DepthStencil.h">
      <Filter>ヘッダー ファイル\System\Rendering\Texture</Filter>
    </ClInclude>
    <ClInclude Include="Component.h">
      <Filter>ヘッダー ファイル\System\Component</Filter>
    </ClInclude>
    <ClInclude Include="FollowActorComponent.h">
      <Filter>ヘッダー ファイル\Component</Filter>
    </ClInclude>
    <ClInclude Include="MeshMaterialManager.h">
      <Filter>ヘッダー ファイル\Model</Filter>
    </ClInclude>
    <ClInclude Include="DebugImGUI.h">
      <Filter>ヘッダー ファイル\Debug</Filter>
    </ClInclude>
    <ClInclude Include="TextureLoad.h">
      <Filter>ヘッダー ファイル\System\Rendering\Texture</Filter>
    </ClInclude>
  </ItemGroup>
  <ItemGroup>
    <FxCompile Include="CommonLighting.hlsl">
      <Filter>リソース ファイル\Common</Filter>
    </FxCompile>
    <FxCompile Include="CommonFunction.hlsl">
      <Filter>リソース ファイル\Common</Filter>
    </FxCompile>
    <FxCompile Include="PS_SimpleLit.hlsl">
      <Filter>リソース ファイル\PS\Lit</Filter>
    </FxCompile>
    <FxCompile Include="VS_Object.hlsl">
      <Filter>リソース ファイル\VS</Filter>
    </FxCompile>
    <FxCompile Include="PS_Deffered.hlsl">
      <Filter>リソース ファイル\PS\Deffered</Filter>
    </FxCompile>
    <FxCompile Include="PS_Copy.hlsl">
      <Filter>リソース ファイル\PS\Common</Filter>
    </FxCompile>
    <FxCompile Include="VS_Sprite.hlsl">
      <Filter>リソース ファイル\VS</Filter>
    </FxCompile>
    <FxCompile Include="CommonDefine.hlsl">
      <Filter>リソース ファイル\Common</Filter>
    </FxCompile>
    <FxCompile Include="VS_DepthNormal.hlsl">
      <Filter>リソース ファイル\VS</Filter>
    </FxCompile>
    <FxCompile Include="VS_WorldObject.hlsl">
      <Filter>リソース ファイル\VS</Filter>
    </FxCompile>
    <FxCompile Include="PS_UnLit.hlsl">
      <Filter>リソース ファイル\PS\Lit</Filter>
    </FxCompile>
    <FxCompile Include="PS_DepthNormal.hlsl">
      <Filter>リソース ファイル\PS\Depth</Filter>
    </FxCompile>
    <FxCompile Include="PS_SimpleShadowMap.hlsl">
      <Filter>リソース ファイル\PS\ShadowMap</Filter>
    </FxCompile>
    <FxCompile Include="VS_ShadowMap.hlsl">
      <Filter>リソース ファイル\VS</Filter>
    </FxCompile>
    <FxCompile Include="PS_Grid.hlsl">
      <Filter>リソース ファイル\PS\Common\Grid</Filter>
    </FxCompile>
    <FxCompile Include="PS_GridShadow.hlsl">
      <Filter>リソース ファイル\PS\Common\Grid</Filter>
    </FxCompile>
    <FxCompile Include="VS_ShadowReciever.hlsl">
      <Filter>リソース ファイル\VS</Filter>
    </FxCompile>
    <FxCompile Include="CommonShadow.hlsl">
      <Filter>リソース ファイル\Common</Filter>
    </FxCompile>
    <FxCompile Include="PS_Vignette.hlsl">
      <Filter>リソース ファイル\Volume</Filter>
    </FxCompile>
    <FxCompile Include="PS_GridShadowVSM.hlsl">
      <Filter>リソース ファイル\PS\Common\Grid</Filter>
    </FxCompile>
    <FxCompile Include="CommonShadowParam.hlsl">
      <Filter>リソース ファイル\Common</Filter>
    </FxCompile>
    <FxCompile Include="CommonShadowVSM.hlsl">
      <Filter>リソース ファイル\Common</Filter>
    </FxCompile>
    <FxCompile Include="PS_Blur8.hlsl">
      <Filter>リソース ファイル\Volume\Blur\Blur8</Filter>
    </FxCompile>
    <FxCompile Include="VS_Blur8X.hlsl">
      <Filter>リソース ファイル\Volume\Blur\Blur8</Filter>
    </FxCompile>
    <FxCompile Include="VS_Blur8Y.hlsl">
      <Filter>リソース ファイル\Volume\Blur\Blur8</Filter>
    </FxCompile>
    <FxCompile Include="VS_Blur4X.hlsl">
      <Filter>リソース ファイル\Volume\Blur\Blur4</Filter>
    </FxCompile>
    <FxCompile Include="VS_Blur4Y.hlsl">
      <Filter>リソース ファイル\Volume\Blur\Blur4</Filter>
    </FxCompile>
    <FxCompile Include="PS_Blur4.hlsl">
      <Filter>リソース ファイル\Volume\Blur\Blur4</Filter>
    </FxCompile>
    <FxCompile Include="VS_Blur2X.hlsl">
      <Filter>リソース ファイル\Volume\Blur\Blur2</Filter>
    </FxCompile>
    <FxCompile Include="VS_Blur2Y.hlsl">
      <Filter>リソース ファイル\Volume\Blur\Blur2</Filter>
    </FxCompile>
    <FxCompile Include="PS_Blur2.hlsl">
      <Filter>リソース ファイル\Volume\Blur\Blur2</Filter>
    </FxCompile>
    <FxCompile Include="PS_DefferedLighting.hlsl">
      <Filter>リソース ファイル\PS\Deffered\DefferedLighting</Filter>
    </FxCompile>
    <FxCompile Include="PS_OpaqueSimpleLit.hlsl">
      <Filter>リソース ファイル\PS\Lit</Filter>
    </FxCompile>
    <FxCompile Include="CommonParam.hlsl">
      <Filter>リソース ファイル\Common</Filter>
    </FxCompile>
    <FxCompile Include="PS_OpaqueSimpleShadowMap.hlsl">
      <Filter>リソース ファイル\PS\ShadowMap</Filter>
    </FxCompile>
  </ItemGroup>
  <ItemGroup>
    <None Include="packages.config" />
  </ItemGroup>
</Project>